
Microsoft Visual Studio Solution File, Format Version 12.00
# Visual Studio Version 16
VisualStudioVersion = 16.0.29411.108
MinimumVisualStudioVersion = 10.0.40219.1
Project("{2150E333-8FDC-42A3-9474-1A3956D46DE8}") = "Common", "Common", "{08B514E5-6B1C-4F3E-B722-DE77DC1951A5}"
EndProject
Project("{2150E333-8FDC-42A3-9474-1A3956D46DE8}") = "Core", "Core", "{D8E85D06-12B6-400B-87F4-BFE88B6F9078}"
EndProject
Project("{2150E333-8FDC-42A3-9474-1A3956D46DE8}") = "Presentation", "Presentation", "{2D1F5169-A6B8-4EAF-970A-FF238D999706}"
EndProject
Project("{2150E333-8FDC-42A3-9474-1A3956D46DE8}") = "Infrastructure", "Infrastructure", "{8E7FB834-3309-402B-AB6E-10CA76FBAC75}"
EndProject
Project("{2150E333-8FDC-42A3-9474-1A3956D46DE8}") = "Tests", "Tests", "{C94AFAB6-D3A7-4770-97E6-25B712A68960}"
EndProject
Project("{9A19103F-16F7-4668-BE54-9A1E7A4F7556}") = "EcoHelper.Common", "EcoHelper.Common\EcoHelper.Common.csproj", "{574868D3-6A8D-4463-B86F-9F556B5D9A82}"
EndProject
Project("{9A19103F-16F7-4668-BE54-9A1E7A4F7556}") = "EcoHelper.Application", "EcoHelper.Application\EcoHelper.Application.csproj", "{614E1FA6-8DD0-4409-84D8-D7A51CDEE26A}"
EndProject
Project("{9A19103F-16F7-4668-BE54-9A1E7A4F7556}") = "EcoHelper.Application.DTO", "EcoHelper.Application.DTO\EcoHelper.Application.DTO.csproj", "{E5FDF1CC-E3BA-4201-8BFB-6991DC99AFA7}"
EndProject
Project("{9A19103F-16F7-4668-BE54-9A1E7A4F7556}") = "EcoHelper.Domain", "EcoHelper.Domain\EcoHelper.Domain.csproj", "{F4C65DC0-60B5-4DCA-8D43-3A852A69E527}"
EndProject
Project("{9A19103F-16F7-4668-BE54-9A1E7A4F7556}") = "EcoHelper.Infrastructure", "EcoHelper.Infrastructure\EcoHelper.Infrastructure.csproj", "{5D549240-BCA2-47D9-8776-D2C30886BA43}"
EndProject
Project("{9A19103F-16F7-4668-BE54-9A1E7A4F7556}") = "EcoHelper.Persistence", "EcoHelper.Persistence\EcoHelper.Persistence.csproj", "{E35EBB5A-2839-4F74-B2AF-3451EE7FD39D}"
EndProject
Project("{9A19103F-16F7-4668-BE54-9A1E7A4F7556}") = "EcoHelper.Test", "EcoHelper.Test\EcoHelper.Test.csproj", "{0FB47B07-412A-42EC-B7A6-849A7D138777}"
EndProject
Project("{9A19103F-16F7-4668-BE54-9A1E7A4F7556}") = "EcoHelper.Api", "EcoHelper.Api\EcoHelper.Api.csproj", "{56718680-1636-4CD2-9535-8AFAF6F60D07}"
EndProject
Global
	GlobalSection(SolutionConfigurationPlatforms) = preSolution
		Debug|Any CPU = Debug|Any CPU
		Release|Any CPU = Release|Any CPU
	EndGlobalSection
	GlobalSection(ProjectConfigurationPlatforms) = postSolution
		{574868D3-6A8D-4463-B86F-9F556B5D9A82}.Debug|Any CPU.ActiveCfg = Debug|Any CPU
		{574868D3-6A8D-4463-B86F-9F556B5D9A82}.Debug|Any CPU.Build.0 = Debug|Any CPU
		{574868D3-6A8D-4463-B86F-9F556B5D9A82}.Release|Any CPU.ActiveCfg = Release|Any CPU
		{574868D3-6A8D-4463-B86F-9F556B5D9A82}.Release|Any CPU.Build.0 = Release|Any CPU
		{614E1FA6-8DD0-4409-84D8-D7A51CDEE26A}.Debug|Any CPU.ActiveCfg = Debug|Any CPU
		{614E1FA6-8DD0-4409-84D8-D7A51CDEE26A}.Debug|Any CPU.Build.0 = Debug|Any CPU
		{614E1FA6-8DD0-4409-84D8-D7A51CDEE26A}.Release|Any CPU.ActiveCfg = Release|Any CPU
		{614E1FA6-8DD0-4409-84D8-D7A51CDEE26A}.Release|Any CPU.Build.0 = Release|Any CPU
		{E5FDF1CC-E3BA-4201-8BFB-6991DC99AFA7}.Debug|Any CPU.ActiveCfg = Debug|Any CPU
		{E5FDF1CC-E3BA-4201-8BFB-6991DC99AFA7}.Debug|Any CPU.Build.0 = Debug|Any CPU
		{E5FDF1CC-E3BA-4201-8BFB-6991DC99AFA7}.Release|Any CPU.ActiveCfg = Release|Any CPU
		{E5FDF1CC-E3BA-4201-8BFB-6991DC99AFA7}.Release|Any CPU.Build.0 = Release|Any CPU
		{F4C65DC0-60B5-4DCA-8D43-3A852A69E527}.Debug|Any CPU.ActiveCfg = Debug|Any CPU
		{F4C65DC0-60B5-4DCA-8D43-3A852A69E527}.Debug|Any CPU.Build.0 = Debug|Any CPU
		{F4C65DC0-60B5-4DCA-8D43-3A852A69E527}.Release|Any CPU.ActiveCfg = Release|Any CPU
		{F4C65DC0-60B5-4DCA-8D43-3A852A69E527}.Release|Any CPU.Build.0 = Release|Any CPU
		{5D549240-BCA2-47D9-8776-D2C30886BA43}.Debug|Any CPU.ActiveCfg = Debug|Any CPU
		{5D549240-BCA2-47D9-8776-D2C30886BA43}.Debug|Any CPU.Build.0 = Debug|Any CPU
		{5D549240-BCA2-47D9-8776-D2C30886BA43}.Release|Any CPU.ActiveCfg = Release|Any CPU
		{5D549240-BCA2-47D9-8776-D2C30886BA43}.Release|Any CPU.Build.0 = Release|Any CPU
		{E35EBB5A-2839-4F74-B2AF-3451EE7FD39D}.Debug|Any CPU.ActiveCfg = Debug|Any CPU
		{E35EBB5A-2839-4F74-B2AF-3451EE7FD39D}.Debug|Any CPU.Build.0 = Debug|Any CPU
		{E35EBB5A-2839-4F74-B2AF-3451EE7FD39D}.Release|Any CPU.ActiveCfg = Release|Any CPU
		{E35EBB5A-2839-4F74-B2AF-3451EE7FD39D}.Release|Any CPU.Build.0 = Release|Any CPU
		{0FB47B07-412A-42EC-B7A6-849A7D138777}.Debug|Any CPU.ActiveCfg = Debug|Any CPU
		{0FB47B07-412A-42EC-B7A6-849A7D138777}.Debug|Any CPU.Build.0 = Debug|Any CPU
		{0FB47B07-412A-42EC-B7A6-849A7D138777}.Release|Any CPU.ActiveCfg = Release|Any CPU
		{0FB47B07-412A-42EC-B7A6-849A7D138777}.Release|Any CPU.Build.0 = Release|Any CPU
		{56718680-1636-4CD2-9535-8AFAF6F60D07}.Debug|Any CPU.ActiveCfg = Debug|Any CPU
		{56718680-1636-4CD2-9535-8AFAF6F60D07}.Debug|Any CPU.Build.0 = Debug|Any CPU
		{56718680-1636-4CD2-9535-8AFAF6F60D07}.Release|Any CPU.ActiveCfg = Release|Any CPU
		{56718680-1636-4CD2-9535-8AFAF6F60D07}.Release|Any CPU.Build.0 = Release|Any CPU
	EndGlobalSection
	GlobalSection(SolutionProperties) = preSolution
		HideSolutionNode = FALSE
	EndGlobalSection
	GlobalSection(NestedProjects) = preSolution
		{574868D3-6A8D-4463-B86F-9F556B5D9A82} = {08B514E5-6B1C-4F3E-B722-DE77DC1951A5}
		{614E1FA6-8DD0-4409-84D8-D7A51CDEE26A} = {D8E85D06-12B6-400B-87F4-BFE88B6F9078}
		{E5FDF1CC-E3BA-4201-8BFB-6991DC99AFA7} = {D8E85D06-12B6-400B-87F4-BFE88B6F9078}
		{F4C65DC0-60B5-4DCA-8D43-3A852A69E527} = {D8E85D06-12B6-400B-87F4-BFE88B6F9078}
		{5D549240-BCA2-47D9-8776-D2C30886BA43} = {8E7FB834-3309-402B-AB6E-10CA76FBAC75}
		{E35EBB5A-2839-4F74-B2AF-3451EE7FD39D} = {8E7FB834-3309-402B-AB6E-10CA76FBAC75}
		{0FB47B07-412A-42EC-B7A6-849A7D138777} = {C94AFAB6-D3A7-4770-97E6-25B712A68960}
		{56718680-1636-4CD2-9535-8AFAF6F60D07} = {2D1F5169-A6B8-4EAF-970A-FF238D999706}
	EndGlobalSection
	GlobalSection(ExtensibilityGlobals) = postSolution
		SolutionGuid = {97D55275-32F2-42F8-B1C2-7695721DC38B}
	EndGlobalSection
EndGlobal
